# Generated by pub
# See https://dart.dev/tools/pub/glossary#lockfile
packages:
  emergixx_crypto:
    dependency: transitive
    description:
      path: "../crypto"
      relative: true
    source: path
    version: "1.0.0"
  emergixx_models:
    dependency: "direct main"
    description:
      path: "../models"
      relative: true
    source: path
    version: "1.0.0"
  emergixx_protocol:
    dependency: "direct main"
    description:
      path: "../protocol"
      relative: true
    source: path
    version: "1.0.0"
sdks:
  dart: ">=3.0.0 <4.0.0"
